// !$*UTF8*$!
{
	archiveVersion = 1;
	classes = {
	};
	objectVersion = 50;
	objects = {

/* Begin PBXBuildFile section */
		6454D3BE241E543600BDECFB /* Stargazer.swift in Sources */ = {isa = PBXBuildFile; fileRef = 6454D3BD241E543600BDECFB /* Stargazer.swift */; };
		6454D3C0241E55E700BDECFB /* Data.swift in Sources */ = {isa = PBXBuildFile; fileRef = 6454D3BF241E55E700BDECFB /* Data.swift */; };
		6454D3C2241ECAAE00BDECFB /* StargazerListViewModel.swift in Sources */ = {isa = PBXBuildFile; fileRef = 6454D3C1241ECAAE00BDECFB /* StargazerListViewModel.swift */; };
		6454D3C4241ECAD900BDECFB /* StargazerViewModel.swift in Sources */ = {isa = PBXBuildFile; fileRef = 6454D3C3241ECAD900BDECFB /* StargazerViewModel.swift */; };
		6454D3C8241EE76F00BDECFB /* StargazerTableViewCell.swift in Sources */ = {isa = PBXBuildFile; fileRef = 6454D3C6241EE76F00BDECFB /* StargazerTableViewCell.swift */; };
		6454D3C9241EE76F00BDECFB /* StargazerTableViewCell.xib in Resources */ = {isa = PBXBuildFile; fileRef = 6454D3C7241EE76F00BDECFB /* StargazerTableViewCell.xib */; };
		645A4734241D570300214589 /* AppDelegate.swift in Sources */ = {isa = PBXBuildFile; fileRef = 645A4733241D570300214589 /* AppDelegate.swift */; };
		645A4736241D570300214589 /* SceneDelegate.swift in Sources */ = {isa = PBXBuildFile; fileRef = 645A4735241D570300214589 /* SceneDelegate.swift */; };
		645A4738241D570300214589 /* StargazersViewController.swift in Sources */ = {isa = PBXBuildFile; fileRef = 645A4737241D570300214589 /* StargazersViewController.swift */; };
		645A473B241D570300214589 /* Main.storyboard in Resources */ = {isa = PBXBuildFile; fileRef = 645A4739241D570300214589 /* Main.storyboard */; };
		645A473D241D570600214589 /* Assets.xcassets in Resources */ = {isa = PBXBuildFile; fileRef = 645A473C241D570600214589 /* Assets.xcassets */; };
		645A4740241D570600214589 /* LaunchScreen.storyboard in Resources */ = {isa = PBXBuildFile; fileRef = 645A473E241D570600214589 /* LaunchScreen.storyboard */; };
		645A4768241D597C00214589 /* NetworkManager.swift in Sources */ = {isa = PBXBuildFile; fileRef = 645A4767241D597C00214589 /* NetworkManager.swift */; };
		645A476A241D59B300214589 /* RequestProtocol.swift in Sources */ = {isa = PBXBuildFile; fileRef = 645A4769241D59B300214589 /* RequestProtocol.swift */; };
		645A476C241D59CC00214589 /* BaseResponse.swift in Sources */ = {isa = PBXBuildFile; fileRef = 645A476B241D59CC00214589 /* BaseResponse.swift */; };
		645A476E241D5CEB00214589 /* RequestError.swift in Sources */ = {isa = PBXBuildFile; fileRef = 645A476D241D5CEB00214589 /* RequestError.swift */; };
		645A4770241D7C0200214589 /* Dictionary.swift in Sources */ = {isa = PBXBuildFile; fileRef = 645A476F241D7C0200214589 /* Dictionary.swift */; };
		647A574D242923A200B2C275 /* Alert.swift in Sources */ = {isa = PBXBuildFile; fileRef = 647A574C242923A200B2C275 /* Alert.swift */; };
		647A574F2429294200B2C275 /* UIApplication.swift in Sources */ = {isa = PBXBuildFile; fileRef = 647A574E2429294200B2C275 /* UIApplication.swift */; };
		647A576E24294F2D00B2C275 /* StargazersTests.swift in Sources */ = {isa = PBXBuildFile; fileRef = 647A576D24294F2D00B2C275 /* StargazersTests.swift */; };
		64BD5EAC2421884F0026260C /* ImageLoader.swift in Sources */ = {isa = PBXBuildFile; fileRef = 64BD5EAB2421884F0026260C /* ImageLoader.swift */; };
		64BD5EAE242191BB0026260C /* UIImageLoader.swift in Sources */ = {isa = PBXBuildFile; fileRef = 64BD5EAD242191BB0026260C /* UIImageLoader.swift */; };
		64BD5EB02421921F0026260C /* UIImageView.swift in Sources */ = {isa = PBXBuildFile; fileRef = 64BD5EAF2421921F0026260C /* UIImageView.swift */; };
		64BD5EB224219D250026260C /* UIView.swift in Sources */ = {isa = PBXBuildFile; fileRef = 64BD5EB124219D250026260C /* UIView.swift */; };
		64C5430124221DE000E2993E /* DynamicType.swift in Sources */ = {isa = PBXBuildFile; fileRef = 64C5430024221DE000E2993E /* DynamicType.swift */; };
		64C96A43241D7ECF000C09A3 /* StargazersRequest.swift in Sources */ = {isa = PBXBuildFile; fileRef = 64C96A42241D7ECF000C09A3 /* StargazersRequest.swift */; };
/* End PBXBuildFile section */

/* Begin PBXContainerItemProxy section */
		647A577024294F2D00B2C275 /* PBXContainerItemProxy */ = {
			isa = PBXContainerItemProxy;
			containerPortal = 645A4728241D570300214589 /* Project object */;
			proxyType = 1;
			remoteGlobalIDString = 645A472F241D570300214589;
			remoteInfo = Stargazers;
		};
/* End PBXContainerItemProxy section */

/* Begin PBXFileReference section */
		6454D3BD241E543600BDECFB /* Stargazer.swift */ = {isa = PBXFileReference; lastKnownFileType = sourcecode.swift; path = Stargazer.swift; sourceTree = "<group>"; };
		6454D3BF241E55E700BDECFB /* Data.swift */ = {isa = PBXFileReference; lastKnownFileType = sourcecode.swift; path = Data.swift; sourceTree = "<group>"; };
		6454D3C1241ECAAE00BDECFB /* StargazerListViewModel.swift */ = {isa = PBXFileReference; lastKnownFileType = sourcecode.swift; path = StargazerListViewModel.swift; sourceTree = "<group>"; };
		6454D3C3241ECAD900BDECFB /* StargazerViewModel.swift */ = {isa = PBXFileReference; lastKnownFileType = sourcecode.swift; path = StargazerViewModel.swift; sourceTree = "<group>"; };
		6454D3C6241EE76F00BDECFB /* StargazerTableViewCell.swift */ = {isa = PBXFileReference; lastKnownFileType = sourcecode.swift; path = StargazerTableViewCell.swift; sourceTree = "<group>"; };
		6454D3C7241EE76F00BDECFB /* StargazerTableViewCell.xib */ = {isa = PBXFileReference; lastKnownFileType = file.xib; path = StargazerTableViewCell.xib; sourceTree = "<group>"; };
		645A4730241D570300214589 /* Stargazers.app */ = {isa = PBXFileReference; explicitFileType = wrapper.application; includeInIndex = 0; path = Stargazers.app; sourceTree = BUILT_PRODUCTS_DIR; };
		645A4733241D570300214589 /* AppDelegate.swift */ = {isa = PBXFileReference; lastKnownFileType = sourcecode.swift; path = AppDelegate.swift; sourceTree = "<group>"; };
		645A4735241D570300214589 /* SceneDelegate.swift */ = {isa = PBXFileReference; lastKnownFileType = sourcecode.swift; path = SceneDelegate.swift; sourceTree = "<group>"; };
		645A4737241D570300214589 /* StargazersViewController.swift */ = {isa = PBXFileReference; lastKnownFileType = sourcecode.swift; path = StargazersViewController.swift; sourceTree = "<group>"; };
		645A473A241D570300214589 /* Base */ = {isa = PBXFileReference; lastKnownFileType = file.storyboard; name = Base; path = Base.lproj/Main.storyboard; sourceTree = "<group>"; };
		645A473C241D570600214589 /* Assets.xcassets */ = {isa = PBXFileReference; lastKnownFileType = folder.assetcatalog; path = Assets.xcassets; sourceTree = "<group>"; };
		645A473F241D570600214589 /* Base */ = {isa = PBXFileReference; lastKnownFileType = file.storyboard; name = Base; path = Base.lproj/LaunchScreen.storyboard; sourceTree = "<group>"; };
		645A4741241D570600214589 /* Info.plist */ = {isa = PBXFileReference; lastKnownFileType = text.plist.xml; path = Info.plist; sourceTree = "<group>"; };
		645A4767241D597C00214589 /* NetworkManager.swift */ = {isa = PBXFileReference; lastKnownFileType = sourcecode.swift; path = NetworkManager.swift; sourceTree = "<group>"; };
		645A4769241D59B300214589 /* RequestProtocol.swift */ = {isa = PBXFileReference; lastKnownFileType = sourcecode.swift; path = RequestProtocol.swift; sourceTree = "<group>"; };
		645A476B241D59CC00214589 /* BaseResponse.swift */ = {isa = PBXFileReference; lastKnownFileType = sourcecode.swift; path = BaseResponse.swift; sourceTree = "<group>"; };
		645A476D241D5CEB00214589 /* RequestError.swift */ = {isa = PBXFileReference; lastKnownFileType = sourcecode.swift; path = RequestError.swift; sourceTree = "<group>"; };
		645A476F241D7C0200214589 /* Dictionary.swift */ = {isa = PBXFileReference; lastKnownFileType = sourcecode.swift; path = Dictionary.swift; sourceTree = "<group>"; };
		647A574C242923A200B2C275 /* Alert.swift */ = {isa = PBXFileReference; lastKnownFileType = sourcecode.swift; path = Alert.swift; sourceTree = "<group>"; };
		647A574E2429294200B2C275 /* UIApplication.swift */ = {isa = PBXFileReference; lastKnownFileType = sourcecode.swift; path = UIApplication.swift; sourceTree = "<group>"; };
		647A576B24294F2C00B2C275 /* StargazersTests.xctest */ = {isa = PBXFileReference; explicitFileType = wrapper.cfbundle; includeInIndex = 0; path = StargazersTests.xctest; sourceTree = BUILT_PRODUCTS_DIR; };
		647A576D24294F2D00B2C275 /* StargazersTests.swift */ = {isa = PBXFileReference; lastKnownFileType = sourcecode.swift; path = StargazersTests.swift; sourceTree = "<group>"; };
		647A576F24294F2D00B2C275 /* Info.plist */ = {isa = PBXFileReference; lastKnownFileType = text.plist.xml; path = Info.plist; sourceTree = "<group>"; };
		64BD5EAB2421884F0026260C /* ImageLoader.swift */ = {isa = PBXFileReference; lastKnownFileType = sourcecode.swift; path = ImageLoader.swift; sourceTree = "<group>"; };
		64BD5EAD242191BB0026260C /* UIImageLoader.swift */ = {isa = PBXFileReference; lastKnownFileType = sourcecode.swift; path = UIImageLoader.swift; sourceTree = "<group>"; };
		64BD5EAF2421921F0026260C /* UIImageView.swift */ = {isa = PBXFileReference; lastKnownFileType = sourcecode.swift; path = UIImageView.swift; sourceTree = "<group>"; };
		64BD5EB124219D250026260C /* UIView.swift */ = {isa = PBXFileReference; lastKnownFileType = sourcecode.swift; path = UIView.swift; sourceTree = "<group>"; };
		64C5430024221DE000E2993E /* DynamicType.swift */ = {isa = PBXFileReference; lastKnownFileType = sourcecode.swift; path = DynamicType.swift; sourceTree = "<group>"; };
		64C96A42241D7ECF000C09A3 /* StargazersRequest.swift */ = {isa = PBXFileReference; lastKnownFileType = sourcecode.swift; path = StargazersRequest.swift; sourceTree = "<group>"; };
/* End PBXFileReference section */

/* Begin PBXFrameworksBuildPhase section */
		645A472D241D570300214589 /* Frameworks */ = {
			isa = PBXFrameworksBuildPhase;
			buildActionMask = 2147483647;
			files = (
			);
			runOnlyForDeploymentPostprocessing = 0;
		};
		647A576824294F2C00B2C275 /* Frameworks */ = {
			isa = PBXFrameworksBuildPhase;
			buildActionMask = 2147483647;
			files = (
			);
			runOnlyForDeploymentPostprocessing = 0;
		};
/* End PBXFrameworksBuildPhase section */

/* Begin PBXGroup section */
		6454D3C5241EE73600BDECFB /* View */ = {
			isa = PBXGroup;
			children = (
				6454D3C6241EE76F00BDECFB /* StargazerTableViewCell.swift */,
				6454D3C7241EE76F00BDECFB /* StargazerTableViewCell.xib */,
			);
			path = View;
			sourceTree = "<group>";
		};
		645A4727241D570300214589 = {
			isa = PBXGroup;
			children = (
				645A4732241D570300214589 /* Stargazers */,
				647A576C24294F2D00B2C275 /* StargazersTests */,
				645A4731241D570300214589 /* Products */,
			);
			sourceTree = "<group>";
		};
		645A4731241D570300214589 /* Products */ = {
			isa = PBXGroup;
			children = (
				645A4730241D570300214589 /* Stargazers.app */,
				647A576B24294F2C00B2C275 /* StargazersTests.xctest */,
			);
			name = Products;
			sourceTree = "<group>";
		};
		645A4732241D570300214589 /* Stargazers */ = {
			isa = PBXGroup;
			children = (
				645A4765241D583100214589 /* Models */,
				6454D3C5241EE73600BDECFB /* View */,
				645A4764241D581D00214589 /* ViewModels */,
				645A4766241D593E00214589 /* Controllers */,
				645A4763241D581000214589 /* Networking */,
				647A57602429456E00B2C275 /* Storyboards */,
				645A4771241D7C1300214589 /* Extensions */,
				647A574B2429238A00B2C275 /* Utils */,
				645A4733241D570300214589 /* AppDelegate.swift */,
				645A4735241D570300214589 /* SceneDelegate.swift */,
				645A473C241D570600214589 /* Assets.xcassets */,
				645A4741241D570600214589 /* Info.plist */,
			);
			path = Stargazers;
			sourceTree = "<group>";
		};
		645A4763241D581000214589 /* Networking */ = {
			isa = PBXGroup;
			children = (
				64C96A41241D7EBB000C09A3 /* Requests */,
				645A4767241D597C00214589 /* NetworkManager.swift */,
				645A4769241D59B300214589 /* RequestProtocol.swift */,
				645A476B241D59CC00214589 /* BaseResponse.swift */,
				645A476D241D5CEB00214589 /* RequestError.swift */,
				64BD5EAB2421884F0026260C /* ImageLoader.swift */,
				64BD5EAD242191BB0026260C /* UIImageLoader.swift */,
			);
			path = Networking;
			sourceTree = "<group>";
		};
		645A4764241D581D00214589 /* ViewModels */ = {
			isa = PBXGroup;
			children = (
				6454D3C1241ECAAE00BDECFB /* StargazerListViewModel.swift */,
				6454D3C3241ECAD900BDECFB /* StargazerViewModel.swift */,
			);
			path = ViewModels;
			sourceTree = "<group>";
		};
		645A4765241D583100214589 /* Models */ = {
			isa = PBXGroup;
			children = (
				6454D3BD241E543600BDECFB /* Stargazer.swift */,
			);
			path = Models;
			sourceTree = "<group>";
		};
		645A4766241D593E00214589 /* Controllers */ = {
			isa = PBXGroup;
			children = (
				645A4737241D570300214589 /* StargazersViewController.swift */,
			);
			path = Controllers;
			sourceTree = "<group>";
		};
		645A4771241D7C1300214589 /* Extensions */ = {
			isa = PBXGroup;
			children = (
				645A476F241D7C0200214589 /* Dictionary.swift */,
				6454D3BF241E55E700BDECFB /* Data.swift */,
				64BD5EAF2421921F0026260C /* UIImageView.swift */,
				64BD5EB124219D250026260C /* UIView.swift */,
				64C5430024221DE000E2993E /* DynamicType.swift */,
				647A574E2429294200B2C275 /* UIApplication.swift */,
			);
			path = Extensions;
			sourceTree = "<group>";
		};
		647A574B2429238A00B2C275 /* Utils */ = {
			isa = PBXGroup;
			children = (
				647A574C242923A200B2C275 /* Alert.swift */,
			);
			path = Utils;
			sourceTree = "<group>";
		};
		647A57602429456E00B2C275 /* Storyboards */ = {
			isa = PBXGroup;
			children = (
				645A473E241D570600214589 /* LaunchScreen.storyboard */,
				645A4739241D570300214589 /* Main.storyboard */,
			);
			path = Storyboards;
			sourceTree = "<group>";
		};
		647A576C24294F2D00B2C275 /* StargazersTests */ = {
			isa = PBXGroup;
			children = (
				647A576D24294F2D00B2C275 /* StargazersTests.swift */,
				647A576F24294F2D00B2C275 /* Info.plist */,
			);
			path = StargazersTests;
			sourceTree = "<group>";
		};
		64C96A41241D7EBB000C09A3 /* Requests */ = {
			isa = PBXGroup;
			children = (
				64C96A42241D7ECF000C09A3 /* StargazersRequest.swift */,
			);
			path = Requests;
			sourceTree = "<group>";
		};
/* End PBXGroup section */

/* Begin PBXNativeTarget section */
		645A472F241D570300214589 /* Stargazers */ = {
			isa = PBXNativeTarget;
			buildConfigurationList = 645A475A241D570600214589 /* Build configuration list for PBXNativeTarget "Stargazers" */;
			buildPhases = (
				645A472C241D570300214589 /* Sources */,
				645A472D241D570300214589 /* Frameworks */,
				645A472E241D570300214589 /* Resources */,
			);
			buildRules = (
			);
			dependencies = (
			);
			name = Stargazers;
			productName = Stargazers;
			productReference = 645A4730241D570300214589 /* Stargazers.app */;
			productType = "com.apple.product-type.application";
		};
		647A576A24294F2C00B2C275 /* StargazersTests */ = {
			isa = PBXNativeTarget;
			buildConfigurationList = 647A577224294F2D00B2C275 /* Build configuration list for PBXNativeTarget "StargazersTests" */;
			buildPhases = (
				647A576724294F2C00B2C275 /* Sources */,
				647A576824294F2C00B2C275 /* Frameworks */,
				647A576924294F2C00B2C275 /* Resources */,
			);
			buildRules = (
			);
			dependencies = (
				647A577124294F2D00B2C275 /* PBXTargetDependency */,
			);
			name = StargazersTests;
			productName = StargazersTests;
			productReference = 647A576B24294F2C00B2C275 /* StargazersTests.xctest */;
			productType = "com.apple.product-type.bundle.unit-test";
		};
/* End PBXNativeTarget section */

/* Begin PBXProject section */
		645A4728241D570300214589 /* Project object */ = {
			isa = PBXProject;
			attributes = {
				LastSwiftUpdateCheck = 1130;
				LastUpgradeCheck = 1130;
				ORGANIZATIONNAME = "Cristian Cojocaru";
				TargetAttributes = {
					645A472F241D570300214589 = {
						CreatedOnToolsVersion = 11.3.1;
					};
					647A576A24294F2C00B2C275 = {
						CreatedOnToolsVersion = 11.3.1;
						TestTargetID = 645A472F241D570300214589;
					};
				};
			};
			buildConfigurationList = 645A472B241D570300214589 /* Build configuration list for PBXProject "Stargazers" */;
			compatibilityVersion = "Xcode 9.3";
			developmentRegion = en;
			hasScannedForEncodings = 0;
			knownRegions = (
				en,
				Base,
			);
			mainGroup = 645A4727241D570300214589;
			productRefGroup = 645A4731241D570300214589 /* Products */;
			projectDirPath = "";
			projectRoot = "";
			targets = (
				645A472F241D570300214589 /* Stargazers */,
				647A576A24294F2C00B2C275 /* StargazersTests */,
			);
		};
/* End PBXProject section */

/* Begin PBXResourcesBuildPhase section */
		645A472E241D570300214589 /* Resources */ = {
			isa = PBXResourcesBuildPhase;
			buildActionMask = 2147483647;
			files = (
				645A4740241D570600214589 /* LaunchScreen.storyboard in Resources */,
				6454D3C9241EE76F00BDECFB /* StargazerTableViewCell.xib in Resources */,
				645A473D241D570600214589 /* Assets.xcassets in Resources */,
				645A473B241D570300214589 /* Main.storyboard in Resources */,
			);
			runOnlyForDeploymentPostprocessing = 0;
		};
		647A576924294F2C00B2C275 /* Resources */ = {
			isa = PBXResourcesBuildPhase;
			buildActionMask = 2147483647;
			files = (
			);
			runOnlyForDeploymentPostprocessing = 0;
		};
/* End PBXResourcesBuildPhase section */

/* Begin PBXSourcesBuildPhase section */
		645A472C241D570300214589 /* Sources */ = {
			isa = PBXSourcesBuildPhase;
			buildActionMask = 2147483647;
			files = (
				64C5430124221DE000E2993E /* DynamicType.swift in Sources */,
				645A4768241D597C00214589 /* NetworkManager.swift in Sources */,
				64C96A43241D7ECF000C09A3 /* StargazersRequest.swift in Sources */,
				64BD5EAC2421884F0026260C /* ImageLoader.swift in Sources */,
				645A4770241D7C0200214589 /* Dictionary.swift in Sources */,
				6454D3C8241EE76F00BDECFB /* StargazerTableViewCell.swift in Sources */,
				6454D3BE241E543600BDECFB /* Stargazer.swift in Sources */,
				64BD5EAE242191BB0026260C /* UIImageLoader.swift in Sources */,
				6454D3C0241E55E700BDECFB /* Data.swift in Sources */,
				645A4738241D570300214589 /* StargazersViewController.swift in Sources */,
				6454D3C2241ECAAE00BDECFB /* StargazerListViewModel.swift in Sources */,
				645A4734241D570300214589 /* AppDelegate.swift in Sources */,
				6454D3C4241ECAD900BDECFB /* StargazerViewModel.swift in Sources */,
				645A4736241D570300214589 /* SceneDelegate.swift in Sources */,
				645A476A241D59B300214589 /* RequestProtocol.swift in Sources */,
				647A574F2429294200B2C275 /* UIApplication.swift in Sources */,
				645A476C241D59CC00214589 /* BaseResponse.swift in Sources */,
				64BD5EB02421921F0026260C /* UIImageView.swift in Sources */,
				64BD5EB224219D250026260C /* UIView.swift in Sources */,
				647A574D242923A200B2C275 /* Alert.swift in Sources */,
				645A476E241D5CEB00214589 /* RequestError.swift in Sources */,
			);
			runOnlyForDeploymentPostprocessing = 0;
		};
		647A576724294F2C00B2C275 /* Sources */ = {
			isa = PBXSourcesBuildPhase;
			buildActionMask = 2147483647;
			files = (
				647A576E24294F2D00B2C275 /* StargazersTests.swift in Sources */,
			);
			runOnlyForDeploymentPostprocessing = 0;
		};
/* End PBXSourcesBuildPhase section */

/* Begin PBXTargetDependency section */
		647A577124294F2D00B2C275 /* PBXTargetDependency */ = {
			isa = PBXTargetDependency;
			target = 645A472F241D570300214589 /* Stargazers */;
			targetProxy = 647A577024294F2D00B2C275 /* PBXContainerItemProxy */;
		};
/* End PBXTargetDependency section */

/* Begin PBXVariantGroup section */
		645A4739241D570300214589 /* Main.storyboard */ = {
			isa = PBXVariantGroup;
			children = (
				645A473A241D570300214589 /* Base */,
			);
			name = Main.storyboard;
			sourceTree = "<group>";
		};
		645A473E241D570600214589 /* LaunchScreen.storyboard */ = {
			isa = PBXVariantGroup;
			children = (
				645A473F241D570600214589 /* Base */,
			);
			name = LaunchScreen.storyboard;
			sourceTree = "<group>";
		};
/* End PBXVariantGroup section */

/* Begin XCBuildConfiguration section */
		645A4758241D570600214589 /* Debug */ = {
			isa = XCBuildConfiguration;
			buildSettings = {
				ALWAYS_SEARCH_USER_PATHS = NO;
				CLANG_ANALYZER_NONNULL = YES;
				CLANG_ANALYZER_NUMBER_OBJECT_CONVERSION = YES_AGGRESSIVE;
				CLANG_CXX_LANGUAGE_STANDARD = "gnu++14";
				CLANG_CXX_LIBRARY = "libc++";
				CLANG_ENABLE_MODULES = YES;
				CLANG_ENABLE_OBJC_ARC = YES;
				CLANG_ENABLE_OBJC_WEAK = YES;
				CLANG_WARN_BLOCK_CAPTURE_AUTORELEASING = YES;
				CLANG_WARN_BOOL_CONVERSION = YES;
				CLANG_WARN_COMMA = YES;
				CLANG_WARN_CONSTANT_CONVERSION = YES;
				CLANG_WARN_DEPRECATED_OBJC_IMPLEMENTATIONS = YES;
				CLANG_WARN_DIRECT_OBJC_ISA_USAGE = YES_ERROR;
				CLANG_WARN_DOCUMENTATION_COMMENTS = YES;
				CLANG_WARN_EMPTY_BODY = YES;
				CLANG_WARN_ENUM_CONVERSION = YES;
				CLANG_WARN_INFINITE_RECURSION = YES;
				CLANG_WARN_INT_CONVERSION = YES;
				CLANG_WARN_NON_LITERAL_NULL_CONVERSION = YES;
				CLANG_WARN_OBJC_IMPLICIT_RETAIN_SELF = YES;
				CLANG_WARN_OBJC_LITERAL_CONVERSION = YES;
				CLANG_WARN_OBJC_ROOT_CLASS = YES_ERROR;
				CLANG_WARN_RANGE_LOOP_ANALYSIS = YES;
				CLANG_WARN_STRICT_PROTOTYPES = YES;
				CLANG_WARN_SUSPICIOUS_MOVE = YES;
				CLANG_WARN_UNGUARDED_AVAILABILITY = YES_AGGRESSIVE;
				CLANG_WARN_UNREACHABLE_CODE = YES;
				CLANG_WARN__DUPLICATE_METHOD_MATCH = YES;
				COPY_PHASE_STRIP = NO;
				DEBUG_INFORMATION_FORMAT = dwarf;
				ENABLE_STRICT_OBJC_MSGSEND = YES;
				ENABLE_TESTABILITY = YES;
				GCC_C_LANGUAGE_STANDARD = gnu11;
				GCC_DYNAMIC_NO_PIC = NO;
				GCC_NO_COMMON_BLOCKS = YES;
				GCC_OPTIMIZATION_LEVEL = 0;
				GCC_PREPROCESSOR_DEFINITIONS = (
					"DEBUG=1",
					"$(inherited)",
				);
				GCC_WARN_64_TO_32_BIT_CONVERSION = YES;
				GCC_WARN_ABOUT_RETURN_TYPE = YES_ERROR;
				GCC_WARN_UNDECLARED_SELECTOR = YES;
				GCC_WARN_UNINITIALIZED_AUTOS = YES_AGGRESSIVE;
				GCC_WARN_UNUSED_FUNCTION = YES;
				GCC_WARN_UNUSED_VARIABLE = YES;
				IPHONEOS_DEPLOYMENT_TARGET = 13.2;
				MTL_ENABLE_DEBUG_INFO = INCLUDE_SOURCE;
				MTL_FAST_MATH = YES;
				ONLY_ACTIVE_ARCH = YES;
				SDKROOT = iphoneos;
				SWIFT_ACTIVE_COMPILATION_CONDITIONS = DEBUG;
				SWIFT_OPTIMIZATION_LEVEL = "-Onone";
			};
			name = Debug;
		};
		645A4759241D570600214589 /* Release */ = {
			isa = XCBuildConfiguration;
			buildSettings = {
				ALWAYS_SEARCH_USER_PATHS = NO;
				CLANG_ANALYZER_NONNULL = YES;
				CLANG_ANALYZER_NUMBER_OBJECT_CONVERSION = YES_AGGRESSIVE;
				CLANG_CXX_LANGUAGE_STANDARD = "gnu++14";
				CLANG_CXX_LIBRARY = "libc++";
				CLANG_ENABLE_MODULES = YES;
				CLANG_ENABLE_OBJC_ARC = YES;
				CLANG_ENABLE_OBJC_WEAK = YES;
				CLANG_WARN_BLOCK_CAPTURE_AUTORELEASING = YES;
				CLANG_WARN_BOOL_CONVERSION = YES;
				CLANG_WARN_COMMA = YES;
				CLANG_WARN_CONSTANT_CONVERSION = YES;
				CLANG_WARN_DEPRECATED_OBJC_IMPLEMENTATIONS = YES;
				CLANG_WARN_DIRECT_OBJC_ISA_USAGE = YES_ERROR;
				CLANG_WARN_DOCUMENTATION_COMMENTS = YES;
				CLANG_WARN_EMPTY_BODY = YES;
				CLANG_WARN_ENUM_CONVERSION = YES;
				CLANG_WARN_INFINITE_RECURSION = YES;
				CLANG_WARN_INT_CONVERSION = YES;
				CLANG_WARN_NON_LITERAL_NULL_CONVERSION = YES;
				CLANG_WARN_OBJC_IMPLICIT_RETAIN_SELF = YES;
				CLANG_WARN_OBJC_LITERAL_CONVERSION = YES;
				CLANG_WARN_OBJC_ROOT_CLASS = YES_ERROR;
				CLANG_WARN_RANGE_LOOP_ANALYSIS = YES;
				CLANG_WARN_STRICT_PROTOTYPES = YES;
				CLANG_WARN_SUSPICIOUS_MOVE = YES;
				CLANG_WARN_UNGUARDED_AVAILABILITY = YES_AGGRESSIVE;
				CLANG_WARN_UNREACHABLE_CODE = YES;
				CLANG_WARN__DUPLICATE_METHOD_MATCH = YES;
				COPY_PHASE_STRIP = NO;
				DEBUG_INFORMATION_FORMAT = "dwarf-with-dsym";
				ENABLE_NS_ASSERTIONS = NO;
				ENABLE_STRICT_OBJC_MSGSEND = YES;
				GCC_C_LANGUAGE_STANDARD = gnu11;
				GCC_NO_COMMON_BLOCKS = YES;
				GCC_WARN_64_TO_32_BIT_CONVERSION = YES;
				GCC_WARN_ABOUT_RETURN_TYPE = YES_ERROR;
				GCC_WARN_UNDECLARED_SELECTOR = YES;
				GCC_WARN_UNINITIALIZED_AUTOS = YES_AGGRESSIVE;
				GCC_WARN_UNUSED_FUNCTION = YES;
				GCC_WARN_UNUSED_VARIABLE = YES;
				IPHONEOS_DEPLOYMENT_TARGET = 13.2;
				MTL_ENABLE_DEBUG_INFO = NO;
				MTL_FAST_MATH = YES;
				SDKROOT = iphoneos;
				SWIFT_COMPILATION_MODE = wholemodule;
				SWIFT_OPTIMIZATION_LEVEL = "-O";
				VALIDATE_PRODUCT = YES;
			};
			name = Release;
		};
		645A475B241D570600214589 /* Debug */ = {
			isa = XCBuildConfiguration;
			buildSettings = {
				ASSETCATALOG_COMPILER_APPICON_NAME = AppIcon;
				CODE_SIGN_STYLE = Automatic;
				DEVELOPMENT_TEAM = 4RDZKUMWU5;
				INFOPLIST_FILE = Stargazers/Info.plist;
				IPHONEOS_DEPLOYMENT_TARGET = 10.0;
				LD_RUNPATH_SEARCH_PATHS = (
					"$(inherited)",
					"@executable_path/Frameworks",
				);
				PRODUCT_BUNDLE_IDENTIFIER = com.cristian.Stargazers;
				PRODUCT_NAME = "$(TARGET_NAME)";
				SWIFT_VERSION = 5.0;
				TARGETED_DEVICE_FAMILY = "1,2";
			};
			name = Debug;
		};
		645A475C241D570600214589 /* Release */ = {
			isa = XCBuildConfiguration;
			buildSettings = {
				ASSETCATALOG_COMPILER_APPICON_NAME = AppIcon;
				CODE_SIGN_STYLE = Automatic;
				DEVELOPMENT_TEAM = 4RDZKUMWU5;
				INFOPLIST_FILE = Stargazers/Info.plist;
				IPHONEOS_DEPLOYMENT_TARGET = 10.0;
				LD_RUNPATH_SEARCH_PATHS = (
					"$(inherited)",
					"@executable_path/Frameworks",
				);
				PRODUCT_BUNDLE_IDENTIFIER = com.cristian.Stargazers;
				PRODUCT_NAME = "$(TARGET_NAME)";
				SWIFT_VERSION = 5.0;
				TARGETED_DEVICE_FAMILY = "1,2";
			};
			name = Release;
		};
		647A577324294F2D00B2C275 /* Debug */ = {
			isa = XCBuildConfiguration;
			buildSettings = {
				BUNDLE_LOADER = "$(TEST_HOST)";
				CODE_SIGN_STYLE = Automatic;
				DEVELOPMENT_TEAM = 4RDZKUMWU5;
				INFOPLIST_FILE = StargazersTests/Info.plist;
				LD_RUNPATH_SEARCH_PATHS = (
					"$(inherited)",
					"@executable_path/Frameworks",
					"@loader_path/Frameworks",
				);
				PRODUCT_BUNDLE_IDENTIFIER = com.cristian.StargazersTests;
				PRODUCT_NAME = "$(TARGET_NAME)";
				SWIFT_VERSION = 5.0;
				TARGETED_DEVICE_FAMILY = "1,2";
				TEST_HOST = "$(BUILT_PRODUCTS_DIR)/Stargazers.app/Stargazers";
			};
			name = Debug;
		};
		647A577424294F2D00B2C275 /* Release */ = {
			isa = XCBuildConfiguration;
			buildSettings = {
				BUNDLE_LOADER = "$(TEST_HOST)";
				CODE_SIGN_STYLE = Automatic;
				DEVELOPMENT_TEAM = 4RDZKUMWU5;
				INFOPLIST_FILE = StargazersTests/Info.plist;
				LD_RUNPATH_SEARCH_PATHS = (
					"$(inherited)",
					"@executable_path/Frameworks",
					"@loader_path/Frameworks",
				);
				PRODUCT_BUNDLE_IDENTIFIER = com.cristian.StargazersTests;
				PRODUCT_NAME = "$(TARGET_NAME)";
				SWIFT_VERSION = 5.0;
				TARGETED_DEVICE_FAMILY = "1,2";
				TEST_HOST = "$(BUILT_PRODUCTS_DIR)/Stargazers.app/Stargazers";
			};
			name = Release;
		};
/* End XCBuildConfiguration section */

/* Begin XCConfigurationList section */
		645A472B241D570300214589 /* Build configuration list for PBXProject "Stargazers" */ = {
			isa = XCConfigurationList;
			buildConfigurations = (
				645A4758241D570600214589 /* Debug */,
				645A4759241D570600214589 /* Release */,
			);
			defaultConfigurationIsVisible = 0;
			defaultConfigurationName = Release;
		};
		645A475A241D570600214589 /* Build configuration list for PBXNativeTarget "Stargazers" */ = {
			isa = XCConfigurationList;
			buildConfigurations = (
				645A475B241D570600214589 /* Debug */,
				645A475C241D570600214589 /* Release */,
			);
			defaultConfigurationIsVisible = 0;
			defaultConfigurationName = Release;
		};
		647A577224294F2D00B2C275 /* Build configuration list for PBXNativeTarget "StargazersTests" */ = {
			isa = XCConfigurationList;
			buildConfigurations = (
				647A577324294F2D00B2C275 /* Debug */,
				647A577424294F2D00B2C275 /* Release */,
			);
			defaultConfigurationIsVisible = 0;
			defaultConfigurationName = Release;
		};
/* End XCConfigurationList section */
	};
	rootObject = 645A4728241D570300214589 /* Project object */;
}
